<Solution>
  <Project Path="Assembly-CSharp.csproj" />
  <Project Path="Febucci.TextAnimatorForUnity.Runtime.csproj" />
  <Project Path="Febucci.TextAnimator.Demo.Runtime.csproj" />
  <Project Path="Febucci.TextAnimator.Demo.UseCaseExamples.Runtime.csproj" />
  <Project Path="Assembly-CSharp-Editor.csproj" />
  <Project Path="Febucci.TextAnimatorForUnity.UITk.Runtime.csproj" />
  <Project Path="Febucci.TextAnimatorForUnity.TMP.Runtime.csproj" />
  <Project Path="Febucci.TextAnimatorForUnity.Input.Runtime.csproj" />
  <Project Path="Febucci.Attributes.Runtime.csproj" />
  <Project Path="Febucci.TextAnimator.Demo.CurvesAndPlaybacks.Runtime.csproj" />
  <Project Path="Febucci.TextAnimator.Demo.Sounds.Runtime.csproj" />
</Solution>
